
Microsoft Visual Studio Solution File, Format Version 12.00
# Visual Studio 14
VisualStudioVersion = 14.0.25123.0
MinimumVisualStudioVersion = 10.0.40219.1
Project("{FAE04EC0-301F-11D3-BF4B-00C04F79EFBC}") = "RestClient", "RestClient\RestClient.csproj", "{A11959F7-030E-48FE-AFAA-493D4D85B42C}"
EndProject
Project("{FAE04EC0-301F-11D3-BF4B-00C04F79EFBC}") = "RestService", "RestService\RestService.csproj", "{47AC2E41-C72B-4138-8491-70AF01312232}"
EndProject
Project("{FAE04EC0-301F-11D3-BF4B-00C04F79EFBC}") = "CommonContract", "CommonContract\CommonContract.csproj", "{B36373F4-135C-48C9-9470-1100C42D60C7}"
EndProject
Global
	GlobalSection(SolutionConfigurationPlatforms) = preSolution
		Debug|Any CPU = Debug|Any CPU
		Release|Any CPU = Release|Any CPU
	EndGlobalSection
	GlobalSection(ProjectConfigurationPlatforms) = postSolution
		{A11959F7-030E-48FE-AFAA-493D4D85B42C}.Debug|Any CPU.ActiveCfg = Debug|Any CPU
		{A11959F7-030E-48FE-AFAA-493D4D85B42C}.Debug|Any CPU.Build.0 = Debug|Any CPU
		{A11959F7-030E-48FE-AFAA-493D4D85B42C}.Release|Any CPU.ActiveCfg = Release|Any CPU
		{A11959F7-030E-48FE-AFAA-493D4D85B42C}.Release|Any CPU.Build.0 = Release|Any CPU
		{47AC2E41-C72B-4138-8491-70AF01312232}.Debug|Any CPU.ActiveCfg = Debug|Any CPU
		{47AC2E41-C72B-4138-8491-70AF01312232}.Debug|Any CPU.Build.0 = Debug|Any CPU
		{47AC2E41-C72B-4138-8491-70AF01312232}.Release|Any CPU.ActiveCfg = Release|Any CPU
		{47AC2E41-C72B-4138-8491-70AF01312232}.Release|Any CPU.Build.0 = Release|Any CPU
		{B36373F4-135C-48C9-9470-1100C42D60C7}.Debug|Any CPU.ActiveCfg = Debug|Any CPU
		{B36373F4-135C-48C9-9470-1100C42D60C7}.Debug|Any CPU.Build.0 = Debug|Any CPU
		{B36373F4-135C-48C9-9470-1100C42D60C7}.Release|Any CPU.ActiveCfg = Release|Any CPU
		{B36373F4-135C-48C9-9470-1100C42D60C7}.Release|Any CPU.Build.0 = Release|Any CPU
	EndGlobalSection
	GlobalSection(SolutionProperties) = preSolution
		HideSolutionNode = FALSE
	EndGlobalSection
EndGlobal
